{
    "_readme": [
        "This file locks the dependencies of your project to a known state",
        "Read more about it at https://getcomposer.org/doc/01-basic-usage.md#installing-dependencies",
        "This file is @generated automatically"
    ],
    "content-hash": "646eff67f8718c558acf50f813c25c27",
    "packages": [
        {
            "name": "miladm/data-object",
            "version": "v1.0.0",
            "source": {
                "type": "git",
                "url": "https://github.com/MiladMohebnia/PHP_dataObject.git",
                "reference": "b83275ab82c1e7dcecd16f064ae293494dd7da4a"
            },
            "dist": {
                "type": "zip",
                "url": "https://api.github.com/repos/MiladMohebnia/PHP_dataObject/zipball/b83275ab82c1e7dcecd16f064ae293494dd7da4a",
                "reference": "b83275ab82c1e7dcecd16f064ae293494dd7da4a",
                "shasum": ""
            },
            "type": "library",
            "autoload": {
                "psr-4": {
                    "miladm\\": "src/"
                }
            },
            "notification-url": "https://packagist.org/downloads/",
            "license": [
                "Apache-2.0"
            ],
            "authors": [
                {
                    "name": "MiladM",
                    "email": "miladmohebnia@gmail.com"
                }
            ],
            "description": "simply control your data with data object method",
            "support": {
                "issues": "https://github.com/MiladMohebnia/PHP_dataObject/issues",
                "source": "https://github.com/MiladMohebnia/PHP_dataObject/tree/v1.0.0"
            },
            "time": "2020-11-14T15:07:54+00:00"
        }
    ],
    "packages-dev": [],
    "aliases": [],
    "minimum-stability": "stable",
    "stability-flags": [],
    "prefer-stable": false,
    "prefer-lowest": false,
    "platform": [],
    "platform-dev": [],
    "plugin-api-version": "2.0.0"
}
